// !$*UTF8*$!
{
	archiveVersion = 1;
	classes = {
	};
	objectVersion = 51;
	objects = {

/* Begin PBXBuildFile section */
		250ECD3E25F4E144006EA881 /* BikeAnnotataion.swift in Sources */ = {isa = PBXBuildFile; fileRef = 250ECD3D25F4E144006EA881 /* BikeAnnotataion.swift */; };
		250ECD4625F4E2D2006EA881 /* BikeView.swift in Sources */ = {isa = PBXBuildFile; fileRef = 250ECD4525F4E2D2006EA881 /* BikeView.swift */; };
		250ECD4B25F4E404006EA881 /* Bikes.geojson in Resources */ = {isa = PBXBuildFile; fileRef = 250ECD4A25F4E404006EA881 /* Bikes.geojson */; };
		250ECD5925F4F632006EA881 /* RoundButton.swift in Sources */ = {isa = PBXBuildFile; fileRef = 250ECD5825F4F632006EA881 /* RoundButton.swift */; };
		250ECDA625F51C0C006EA881 /* LayoutHelper.swift in Sources */ = {isa = PBXBuildFile; fileRef = 250ECDA525F51C0C006EA881 /* LayoutHelper.swift */; };
		251B84FF260E32A70019B54B /* Wallet.swift in Sources */ = {isa = PBXBuildFile; fileRef = 251B84FE260E32A70019B54B /* Wallet.swift */; };
		251B8504260E366E0019B54B /* Bike.swift in Sources */ = {isa = PBXBuildFile; fileRef = 251B8503260E366E0019B54B /* Bike.swift */; };
		251B850C260E38D60019B54B /* Profile.storyboard in Resources */ = {isa = PBXBuildFile; fileRef = 251B850B260E38D60019B54B /* Profile.storyboard */; };
		251B8511260E39250019B54B /* Auth.storyboard in Resources */ = {isa = PBXBuildFile; fileRef = 251B8510260E39250019B54B /* Auth.storyboard */; };
		25203C0625EA5F14000BE950 /* AppDelegate.swift in Sources */ = {isa = PBXBuildFile; fileRef = 25203C0525EA5F14000BE950 /* AppDelegate.swift */; };
		25203C0D25EA5F14000BE950 /* Main.storyboard in Resources */ = {isa = PBXBuildFile; fileRef = 25203C0B25EA5F14000BE950 /* Main.storyboard */; };
		25203C0F25EA5F16000BE950 /* Assets.xcassets in Resources */ = {isa = PBXBuildFile; fileRef = 25203C0E25EA5F16000BE950 /* Assets.xcassets */; };
		25203C1225EA5F16000BE950 /* LaunchScreen.storyboard in Resources */ = {isa = PBXBuildFile; fileRef = 25203C1025EA5F16000BE950 /* LaunchScreen.storyboard */; };
		25203C1D25EA5F16000BE950 /* RentBikeTests.swift in Sources */ = {isa = PBXBuildFile; fileRef = 25203C1C25EA5F16000BE950 /* RentBikeTests.swift */; };
		25203C2825EA5F16000BE950 /* RentBikeUITests.swift in Sources */ = {isa = PBXBuildFile; fileRef = 25203C2725EA5F16000BE950 /* RentBikeUITests.swift */; };
		25203C7A25EA6262000BE950 /* UIView.swift in Sources */ = {isa = PBXBuildFile; fileRef = 25203C6E25EA6262000BE950 /* UIView.swift */; };
		25203C7B25EA6262000BE950 /* UIColor.swift in Sources */ = {isa = PBXBuildFile; fileRef = 25203C6F25EA6262000BE950 /* UIColor.swift */; };
		25203C7C25EA6262000BE950 /* Int.swift in Sources */ = {isa = PBXBuildFile; fileRef = 25203C7025EA6262000BE950 /* Int.swift */; };
		25203C7D25EA6262000BE950 /* UITableView.swift in Sources */ = {isa = PBXBuildFile; fileRef = 25203C7125EA6262000BE950 /* UITableView.swift */; };
		25203C7E25EA6262000BE950 /* UITableViewCell.swift in Sources */ = {isa = PBXBuildFile; fileRef = 25203C7225EA6262000BE950 /* UITableViewCell.swift */; };
		25203C7F25EA6262000BE950 /* Notification.swift in Sources */ = {isa = PBXBuildFile; fileRef = 25203C7325EA6262000BE950 /* Notification.swift */; };
		25203C8025EA6262000BE950 /* String.swift in Sources */ = {isa = PBXBuildFile; fileRef = 25203C7425EA6262000BE950 /* String.swift */; };
		25203C8125EA6262000BE950 /* UIImage.swift in Sources */ = {isa = PBXBuildFile; fileRef = 25203C7525EA6262000BE950 /* UIImage.swift */; };
		25203C8225EA6262000BE950 /* UIViewController.swift in Sources */ = {isa = PBXBuildFile; fileRef = 25203C7625EA6262000BE950 /* UIViewController.swift */; };
		25203C8325EA6262000BE950 /* UIWindow.swift in Sources */ = {isa = PBXBuildFile; fileRef = 25203C7725EA6262000BE950 /* UIWindow.swift */; };
		25203C8425EA6262000BE950 /* UIImageView+SD.swift in Sources */ = {isa = PBXBuildFile; fileRef = 25203C7825EA6262000BE950 /* UIImageView+SD.swift */; };
		25203C8525EA6262000BE950 /* UIApplication.swift in Sources */ = {isa = PBXBuildFile; fileRef = 25203C7925EA6262000BE950 /* UIApplication.swift */; };
		25203C9D25EA62B2000BE950 /* ApplicationFlow.swift in Sources */ = {isa = PBXBuildFile; fileRef = 25203C8A25EA62B2000BE950 /* ApplicationFlow.swift */; };
		25203C9E25EA62B2000BE950 /* NetworkService.swift in Sources */ = {isa = PBXBuildFile; fileRef = 25203C8C25EA62B2000BE950 /* NetworkService.swift */; };
		25203C9F25EA62B2000BE950 /* SkyFloatingLabelTextField.swift in Sources */ = {isa = PBXBuildFile; fileRef = 25203C8E25EA62B2000BE950 /* SkyFloatingLabelTextField.swift */; };
		25203CA025EA62B2000BE950 /* UITextField+fixCaretPosition.swift in Sources */ = {isa = PBXBuildFile; fileRef = 25203C8F25EA62B2000BE950 /* UITextField+fixCaretPosition.swift */; };
		25203CA125EA62B2000BE950 /* SkyFloatingLabelTextFieldWithIcon.swift in Sources */ = {isa = PBXBuildFile; fileRef = 25203C9025EA62B2000BE950 /* SkyFloatingLabelTextFieldWithIcon.swift */; };
		25203CA225EA62B2000BE950 /* AuthViewController.swift in Sources */ = {isa = PBXBuildFile; fileRef = 25203C9225EA62B2000BE950 /* AuthViewController.swift */; };
		25203CA325EA62B2000BE950 /* AuthService.swift in Sources */ = {isa = PBXBuildFile; fileRef = 25203C9325EA62B2000BE950 /* AuthService.swift */; };
		25203CA425EA62B2000BE950 /* AuthFlow.swift in Sources */ = {isa = PBXBuildFile; fileRef = 25203C9425EA62B2000BE950 /* AuthFlow.swift */; };
		25203CA525EA62B2000BE950 /* NetworkManager.swift in Sources */ = {isa = PBXBuildFile; fileRef = 25203C9625EA62B2000BE950 /* NetworkManager.swift */; };
		25203CA625EA62B2000BE950 /* ViewHierarchyWorker.swift in Sources */ = {isa = PBXBuildFile; fileRef = 25203C9725EA62B2000BE950 /* ViewHierarchyWorker.swift */; };
		25203CA725EA62B2000BE950 /* LocalStore.swift in Sources */ = {isa = PBXBuildFile; fileRef = 25203C9825EA62B2000BE950 /* LocalStore.swift */; };
		25203CA825EA62B2000BE950 /* Style.swift in Sources */ = {isa = PBXBuildFile; fileRef = 25203C9925EA62B2000BE950 /* Style.swift */; };
		25203CA925EA62B2000BE950 /* KeyboardBehavior.swift in Sources */ = {isa = PBXBuildFile; fileRef = 25203C9A25EA62B2000BE950 /* KeyboardBehavior.swift */; };
		25203CAA25EA62B2000BE950 /* FormKeyboardBehavior.swift in Sources */ = {isa = PBXBuildFile; fileRef = 25203C9B25EA62B2000BE950 /* FormKeyboardBehavior.swift */; };
		25203CB125EA62EF000BE950 /* Profile.swift in Sources */ = {isa = PBXBuildFile; fileRef = 25203CB025EA62EF000BE950 /* Profile.swift */; };
		25203CBD25EA6503000BE950 /* SqliteCacher+ExirableCacherType.swift in Sources */ = {isa = PBXBuildFile; fileRef = 25203CB625EA6503000BE950 /* SqliteCacher+ExirableCacherType.swift */; };
		25203CBE25EA6503000BE950 /* AppCacher.swift in Sources */ = {isa = PBXBuildFile; fileRef = 25203CB725EA6503000BE950 /* AppCacher.swift */; };
		25203CBF25EA6503000BE950 /* CacherType.swift in Sources */ = {isa = PBXBuildFile; fileRef = 25203CB825EA6503000BE950 /* CacherType.swift */; };
		25203CC025EA6503000BE950 /* LocationCacher.swift in Sources */ = {isa = PBXBuildFile; fileRef = 25203CB925EA6503000BE950 /* LocationCacher.swift */; };
		25203CC125EA6503000BE950 /* LogsCacher.swift in Sources */ = {isa = PBXBuildFile; fileRef = 25203CBA25EA6503000BE950 /* LogsCacher.swift */; };
		25203CC225EA6503000BE950 /* SqliteCacher.swift in Sources */ = {isa = PBXBuildFile; fileRef = 25203CBB25EA6503000BE950 /* SqliteCacher.swift */; };
		25203CC325EA6503000BE950 /* SqliteCacher+MappableCacherType.swift in Sources */ = {isa = PBXBuildFile; fileRef = 25203CBC25EA6503000BE950 /* SqliteCacher+MappableCacherType.swift */; };
		25203CC825EA655F000BE950 /* Result.swift in Sources */ = {isa = PBXBuildFile; fileRef = 25203CC725EA655F000BE950 /* Result.swift */; };
		25203CD125EA8CC6000BE950 /* MapFlow.swift in Sources */ = {isa = PBXBuildFile; fileRef = 25203CD025EA8CC6000BE950 /* MapFlow.swift */; };
		25203CD725EA8DAB000BE950 /* ProfileFlow.swift in Sources */ = {isa = PBXBuildFile; fileRef = 25203CD625EA8DAB000BE950 /* ProfileFlow.swift */; };
		25203CDF25EA8DE0000BE950 /* ProfileViewController.swift in Sources */ = {isa = PBXBuildFile; fileRef = 25203CDE25EA8DE0000BE950 /* ProfileViewController.swift */; };
		25203CE425EA8EE2000BE950 /* MapViewController.swift in Sources */ = {isa = PBXBuildFile; fileRef = 25203CE325EA8EE2000BE950 /* MapViewController.swift */; };
		252BD38D260CDB3D009B2EAF /* SocketService.swift in Sources */ = {isa = PBXBuildFile; fileRef = 252BD38C260CDB3D009B2EAF /* SocketService.swift */; };
		25312473260F503900C163E2 /* TitleTableViewCell.swift in Sources */ = {isa = PBXBuildFile; fileRef = 25312471260F503900C163E2 /* TitleTableViewCell.swift */; };
		25312474260F503900C163E2 /* TitleTableViewCell.xib in Resources */ = {isa = PBXBuildFile; fileRef = 25312472260F503900C163E2 /* TitleTableViewCell.xib */; };
		25312493260F5C7C00C163E2 /* MenuService.swift in Sources */ = {isa = PBXBuildFile; fileRef = 25312492260F5C7C00C163E2 /* MenuService.swift */; };
		25312498260F5F0100C163E2 /* MenuFlow.swift in Sources */ = {isa = PBXBuildFile; fileRef = 25312497260F5F0100C163E2 /* MenuFlow.swift */; };
		2553007F261A35550058E327 /* GoogleService-Info.plist in Resources */ = {isa = PBXBuildFile; fileRef = 2553007E261A35550058E327 /* GoogleService-Info.plist */; };
		2554724425EA9F10003C806F /* Montserrat-LightItalic.ttf in Resources */ = {isa = PBXBuildFile; fileRef = 2554723125EA9F10003C806F /* Montserrat-LightItalic.ttf */; };
		2554724525EA9F10003C806F /* Montserrat-Medium.ttf in Resources */ = {isa = PBXBuildFile; fileRef = 2554723225EA9F10003C806F /* Montserrat-Medium.ttf */; };
		2554724625EA9F10003C806F /* Montserrat-BoldItalic.ttf in Resources */ = {isa = PBXBuildFile; fileRef = 2554723325EA9F10003C806F /* Montserrat-BoldItalic.ttf */; };
		2554724725EA9F10003C806F /* Montserrat-Light.ttf in Resources */ = {isa = PBXBuildFile; fileRef = 2554723425EA9F10003C806F /* Montserrat-Light.ttf */; };
		2554724825EA9F10003C806F /* Montserrat-ThinItalic.ttf in Resources */ = {isa = PBXBuildFile; fileRef = 2554723525EA9F10003C806F /* Montserrat-ThinItalic.ttf */; };
		2554724925EA9F10003C806F /* Montserrat-ExtraLight.ttf in Resources */ = {isa = PBXBuildFile; fileRef = 2554723625EA9F10003C806F /* Montserrat-ExtraLight.ttf */; };
		2554724A25EA9F10003C806F /* Montserrat-Thin.ttf in Resources */ = {isa = PBXBuildFile; fileRef = 2554723725EA9F10003C806F /* Montserrat-Thin.ttf */; };
		2554724B25EA9F10003C806F /* Montserrat-Bold.ttf in Resources */ = {isa = PBXBuildFile; fileRef = 2554723825EA9F10003C806F /* Montserrat-Bold.ttf */; };
		2554724C25EA9F10003C806F /* Montserrat-MediumItalic.ttf in Resources */ = {isa = PBXBuildFile; fileRef = 2554723925EA9F10003C806F /* Montserrat-MediumItalic.ttf */; };
		2554724D25EA9F10003C806F /* Montserrat-BlackItalic.ttf in Resources */ = {isa = PBXBuildFile; fileRef = 2554723A25EA9F10003C806F /* Montserrat-BlackItalic.ttf */; };
		2554724E25EA9F10003C806F /* Montserrat-SemiBold.ttf in Resources */ = {isa = PBXBuildFile; fileRef = 2554723B25EA9F10003C806F /* Montserrat-SemiBold.ttf */; };
		2554724F25EA9F10003C806F /* Montserrat-ExtraLightItalic.ttf in Resources */ = {isa = PBXBuildFile; fileRef = 2554723C25EA9F10003C806F /* Montserrat-ExtraLightItalic.ttf */; };
		2554725025EA9F10003C806F /* Montserrat-ExtraBold.ttf in Resources */ = {isa = PBXBuildFile; fileRef = 2554723D25EA9F10003C806F /* Montserrat-ExtraBold.ttf */; };
		2554725125EA9F10003C806F /* OFL.txt in Resources */ = {isa = PBXBuildFile; fileRef = 2554723E25EA9F10003C806F /* OFL.txt */; };
		2554725225EA9F10003C806F /* Montserrat-Black.ttf in Resources */ = {isa = PBXBuildFile; fileRef = 2554723F25EA9F10003C806F /* Montserrat-Black.ttf */; };
		2554725325EA9F10003C806F /* Montserrat-Regular.ttf in Resources */ = {isa = PBXBuildFile; fileRef = 2554724025EA9F10003C806F /* Montserrat-Regular.ttf */; };
		2554725425EA9F10003C806F /* Montserrat-Italic.ttf in Resources */ = {isa = PBXBuildFile; fileRef = 2554724125EA9F10003C806F /* Montserrat-Italic.ttf */; };
		2554725525EA9F10003C806F /* Montserrat-SemiBoldItalic.ttf in Resources */ = {isa = PBXBuildFile; fileRef = 2554724225EA9F10003C806F /* Montserrat-SemiBoldItalic.ttf */; };
		2554725625EA9F10003C806F /* Montserrat-ExtraBoldItalic.ttf in Resources */ = {isa = PBXBuildFile; fileRef = 2554724325EA9F10003C806F /* Montserrat-ExtraBoldItalic.ttf */; };
		256E333D2608A9AA000C679F /* DrawerController.swift in Sources */ = {isa = PBXBuildFile; fileRef = 256E333C2608A9AA000C679F /* DrawerController.swift */; };
		256E33482608A9EB000C679F /* MenuPresenter.swift in Sources */ = {isa = PBXBuildFile; fileRef = 256E33422608A9EB000C679F /* MenuPresenter.swift */; };
		256E33492608A9EB000C679F /* MenuWorker.swift in Sources */ = {isa = PBXBuildFile; fileRef = 256E33432608A9EB000C679F /* MenuWorker.swift */; };
		256E334A2608A9EB000C679F /* MenuRouter.swift in Sources */ = {isa = PBXBuildFile; fileRef = 256E33442608A9EB000C679F /* MenuRouter.swift */; };
		256E334B2608A9EB000C679F /* MenuModels.swift in Sources */ = {isa = PBXBuildFile; fileRef = 256E33452608A9EB000C679F /* MenuModels.swift */; };
		256E334C2608A9EB000C679F /* MenuViewController.swift in Sources */ = {isa = PBXBuildFile; fileRef = 256E33462608A9EB000C679F /* MenuViewController.swift */; };
		256E334D2608A9EB000C679F /* MenuInteractor.swift in Sources */ = {isa = PBXBuildFile; fileRef = 256E33472608A9EB000C679F /* MenuInteractor.swift */; };
		256E33552608AA94000C679F /* RootViewController.swift in Sources */ = {isa = PBXBuildFile; fileRef = 256E33542608AA94000C679F /* RootViewController.swift */; };
		256E335A2608ACA2000C679F /* LocationTracker.swift in Sources */ = {isa = PBXBuildFile; fileRef = 256E33592608ACA2000C679F /* LocationTracker.swift */; };
		257AE84D260E3F0700660A1A /* RidesViewController.swift in Sources */ = {isa = PBXBuildFile; fileRef = 257AE84C260E3F0700660A1A /* RidesViewController.swift */; };
		257AE852260E3F1200660A1A /* WalletViewController.swift in Sources */ = {isa = PBXBuildFile; fileRef = 257AE851260E3F1200660A1A /* WalletViewController.swift */; };
		257AE857260E3F5D00660A1A /* PromoViewController.swift in Sources */ = {isa = PBXBuildFile; fileRef = 257AE856260E3F5D00660A1A /* PromoViewController.swift */; };
		257AE864260E422D00660A1A /* Localizable.strings in Resources */ = {isa = PBXBuildFile; fileRef = 257AE866260E422D00660A1A /* Localizable.strings */; };
		25A991C0261CDB4900F2087C /* NotificationService.swift in Sources */ = {isa = PBXBuildFile; fileRef = 25A991BF261CDB4900F2087C /* NotificationService.swift */; };
		25A991CC261DDD5500F2087C /* AnonNotificationAlert.swift in Sources */ = {isa = PBXBuildFile; fileRef = 25A991C5261DDD5500F2087C /* AnonNotificationAlert.swift */; };
		25A991CD261DDD5500F2087C /* PushNotificationAlert.swift in Sources */ = {isa = PBXBuildFile; fileRef = 25A991C6261DDD5500F2087C /* PushNotificationAlert.swift */; };
		25A991CE261DDD5500F2087C /* NotificationAlert.swift in Sources */ = {isa = PBXBuildFile; fileRef = 25A991C7261DDD5500F2087C /* NotificationAlert.swift */; };
		25A991CF261DDD5500F2087C /* SystemSoundPlayer.swift in Sources */ = {isa = PBXBuildFile; fileRef = 25A991C8261DDD5500F2087C /* SystemSoundPlayer.swift */; };
		25A991D0261DDD5500F2087C /* BasicNotificationAlert.swift in Sources */ = {isa = PBXBuildFile; fileRef = 25A991C9261DDD5500F2087C /* BasicNotificationAlert.swift */; };
		25A991D1261DDD5500F2087C /* ErrorNotificationAlert.swift in Sources */ = {isa = PBXBuildFile; fileRef = 25A991CA261DDD5500F2087C /* ErrorNotificationAlert.swift */; };
		25A991D2261DDD5500F2087C /* WindowAlertPresenter.swift in Sources */ = {isa = PBXBuildFile; fileRef = 25A991CB261DDD5500F2087C /* WindowAlertPresenter.swift */; };
		25A991D7261DDE3000F2087C /* HairLineView.swift in Sources */ = {isa = PBXBuildFile; fileRef = 25A991D6261DDE3000F2087C /* HairLineView.swift */; };
		25B8B7D5261776D400A65CB3 /* RideService.swift in Sources */ = {isa = PBXBuildFile; fileRef = 25B8B7D4261776D400A65CB3 /* RideService.swift */; };
		4D6B99318ED2D89A157414B8 /* Pods_RentBike.framework in Frameworks */ = {isa = PBXBuildFile; fileRef = AF9D9F9CE4FFFB10005465F8 /* Pods_RentBike.framework */; };
/* End PBXBuildFile section */

/* Begin PBXContainerItemProxy section */
		25203C1925EA5F16000BE950 /* PBXContainerItemProxy */ = {
			isa = PBXContainerItemProxy;
			containerPortal = 25203BFA25EA5F14000BE950 /* Project object */;
			proxyType = 1;
			remoteGlobalIDString = 25203C0125EA5F14000BE950;
			remoteInfo = RentBike;
		};
		25203C2425EA5F16000BE950 /* PBXContainerItemProxy */ = {
			isa = PBXContainerItemProxy;
			containerPortal = 25203BFA25EA5F14000BE950 /* Project object */;
			proxyType = 1;
			remoteGlobalIDString = 25203C0125EA5F14000BE950;
			remoteInfo = RentBike;
		};
/* End PBXContainerItemProxy section */

/* Begin PBXFileReference section */
		250ECD3D25F4E144006EA881 /* BikeAnnotataion.swift */ = {isa = PBXFileReference; lastKnownFileType = sourcecode.swift; path = BikeAnnotataion.swift; sourceTree = "<group>"; };
		250ECD4525F4E2D2006EA881 /* BikeView.swift */ = {isa = PBXFileReference; lastKnownFileType = sourcecode.swift; path = BikeView.swift; sourceTree = "<group>"; };
		250ECD4A25F4E404006EA881 /* Bikes.geojson */ = {isa = PBXFileReference; fileEncoding = 4; lastKnownFileType = text; path = Bikes.geojson; sourceTree = "<group>"; };
		250ECD5825F4F632006EA881 /* RoundButton.swift */ = {isa = PBXFileReference; lastKnownFileType = sourcecode.swift; path = RoundButton.swift; sourceTree = "<group>"; };
		250ECD6025F500A0006EA881 /* LocationMock.gpx */ = {isa = PBXFileReference; lastKnownFileType = text.xml; path = LocationMock.gpx; sourceTree = "<group>"; };
		250ECDA525F51C0C006EA881 /* LayoutHelper.swift */ = {isa = PBXFileReference; fileEncoding = 4; lastKnownFileType = sourcecode.swift; path = LayoutHelper.swift; sourceTree = "<group>"; };
		251B84FE260E32A70019B54B /* Wallet.swift */ = {isa = PBXFileReference; lastKnownFileType = sourcecode.swift; path = Wallet.swift; sourceTree = "<group>"; };
		251B8503260E366E0019B54B /* Bike.swift */ = {isa = PBXFileReference; lastKnownFileType = sourcecode.swift; path = Bike.swift; sourceTree = "<group>"; };
		251B850B260E38D60019B54B /* Profile.storyboard */ = {isa = PBXFileReference; lastKnownFileType = file.storyboard; path = Profile.storyboard; sourceTree = "<group>"; };
		251B8510260E39250019B54B /* Auth.storyboard */ = {isa = PBXFileReference; lastKnownFileType = file.storyboard; path = Auth.storyboard; sourceTree = "<group>"; };
		25203C0225EA5F14000BE950 /* RentBike.app */ = {isa = PBXFileReference; explicitFileType = wrapper.application; includeInIndex = 0; path = RentBike.app; sourceTree = BUILT_PRODUCTS_DIR; };
		25203C0525EA5F14000BE950 /* AppDelegate.swift */ = {isa = PBXFileReference; lastKnownFileType = sourcecode.swift; path = AppDelegate.swift; sourceTree = "<group>"; };
		25203C0C25EA5F14000BE950 /* Base */ = {isa = PBXFileReference; lastKnownFileType = file.storyboard; name = Base; path = Base.lproj/Main.storyboard; sourceTree = "<group>"; };
		25203C0E25EA5F16000BE950 /* Assets.xcassets */ = {isa = PBXFileReference; lastKnownFileType = folder.assetcatalog; path = Assets.xcassets; sourceTree = "<group>"; };
		25203C1125EA5F16000BE950 /* Base */ = {isa = PBXFileReference; lastKnownFileType = file.storyboard; name = Base; path = Base.lproj/LaunchScreen.storyboard; sourceTree = "<group>"; };
		25203C1325EA5F16000BE950 /* Info.plist */ = {isa = PBXFileReference; lastKnownFileType = text.plist.xml; path = Info.plist; sourceTree = "<group>"; };
		25203C1825EA5F16000BE950 /* RentBikeTests.xctest */ = {isa = PBXFileReference; explicitFileType = wrapper.cfbundle; includeInIndex = 0; path = RentBikeTests.xctest; sourceTree = BUILT_PRODUCTS_DIR; };
		25203C1C25EA5F16000BE950 /* RentBikeTests.swift */ = {isa = PBXFileReference; lastKnownFileType = sourcecode.swift; path = RentBikeTests.swift; sourceTree = "<group>"; };
		25203C1E25EA5F16000BE950 /* Info.plist */ = {isa = PBXFileReference; lastKnownFileType = text.plist.xml; path = Info.plist; sourceTree = "<group>"; };
		25203C2325EA5F16000BE950 /* RentBikeUITests.xctest */ = {isa = PBXFileReference; explicitFileType = wrapper.cfbundle; includeInIndex = 0; path = RentBikeUITests.xctest; sourceTree = BUILT_PRODUCTS_DIR; };
		25203C2725EA5F16000BE950 /* RentBikeUITests.swift */ = {isa = PBXFileReference; lastKnownFileType = sourcecode.swift; path = RentBikeUITests.swift; sourceTree = "<group>"; };
		25203C2925EA5F16000BE950 /* Info.plist */ = {isa = PBXFileReference; lastKnownFileType = text.plist.xml; path = Info.plist; sourceTree = "<group>"; };
		25203C6E25EA6262000BE950 /* UIView.swift */ = {isa = PBXFileReference; fileEncoding = 4; lastKnownFileType = sourcecode.swift; path = UIView.swift; sourceTree = "<group>"; };
		25203C6F25EA6262000BE950 /* UIColor.swift */ = {isa = PBXFileReference; fileEncoding = 4; lastKnownFileType = sourcecode.swift; path = UIColor.swift; sourceTree = "<group>"; };
		25203C7025EA6262000BE950 /* Int.swift */ = {isa = PBXFileReference; fileEncoding = 4; lastKnownFileType = sourcecode.swift; path = Int.swift; sourceTree = "<group>"; };
		25203C7125EA6262000BE950 /* UITableView.swift */ = {isa = PBXFileReference; fileEncoding = 4; lastKnownFileType = sourcecode.swift; path = UITableView.swift; sourceTree = "<group>"; };
		25203C7225EA6262000BE950 /* UITableViewCell.swift */ = {isa = PBXFileReference; fileEncoding = 4; lastKnownFileType = sourcecode.swift; path = UITableViewCell.swift; sourceTree = "<group>"; };
		25203C7325EA6262000BE950 /* Notification.swift */ = {isa = PBXFileReference; fileEncoding = 4; lastKnownFileType = sourcecode.swift; path = Notification.swift; sourceTree = "<group>"; };
		25203C7425EA6262000BE950 /* String.swift */ = {isa = PBXFileReference; fileEncoding = 4; lastKnownFileType = sourcecode.swift; path = String.swift; sourceTree = "<group>"; };
		25203C7525EA6262000BE950 /* UIImage.swift */ = {isa = PBXFileReference; fileEncoding = 4; lastKnownFileType = sourcecode.swift; path = UIImage.swift; sourceTree = "<group>"; };
		25203C7625EA6262000BE950 /* UIViewController.swift */ = {isa = PBXFileReference; fileEncoding = 4; lastKnownFileType = sourcecode.swift; path = UIViewController.swift; sourceTree = "<group>"; };
		25203C7725EA6262000BE950 /* UIWindow.swift */ = {isa = PBXFileReference; fileEncoding = 4; lastKnownFileType = sourcecode.swift; path = UIWindow.swift; sourceTree = "<group>"; };
		25203C7825EA6262000BE950 /* UIImageView+SD.swift */ = {isa = PBXFileReference; fileEncoding = 4; lastKnownFileType = sourcecode.swift; path = "UIImageView+SD.swift"; sourceTree = "<group>"; };
		25203C7925EA6262000BE950 /* UIApplication.swift */ = {isa = PBXFileReference; fileEncoding = 4; lastKnownFileType = sourcecode.swift; path = UIApplication.swift; sourceTree = "<group>"; };
		25203C8A25EA62B2000BE950 /* ApplicationFlow.swift */ = {isa = PBXFileReference; fileEncoding = 4; lastKnownFileType = sourcecode.swift; path = ApplicationFlow.swift; sourceTree = "<group>"; };
		25203C8C25EA62B2000BE950 /* NetworkService.swift */ = {isa = PBXFileReference; fileEncoding = 4; lastKnownFileType = sourcecode.swift; path = NetworkService.swift; sourceTree = "<group>"; };
		25203C8E25EA62B2000BE950 /* SkyFloatingLabelTextField.swift */ = {isa = PBXFileReference; fileEncoding = 4; lastKnownFileType = sourcecode.swift; path = SkyFloatingLabelTextField.swift; sourceTree = "<group>"; };
		25203C8F25EA62B2000BE950 /* UITextField+fixCaretPosition.swift */ = {isa = PBXFileReference; fileEncoding = 4; lastKnownFileType = sourcecode.swift; path = "UITextField+fixCaretPosition.swift"; sourceTree = "<group>"; };
		25203C9025EA62B2000BE950 /* SkyFloatingLabelTextFieldWithIcon.swift */ = {isa = PBXFileReference; fileEncoding = 4; lastKnownFileType = sourcecode.swift; path = SkyFloatingLabelTextFieldWithIcon.swift; sourceTree = "<group>"; };
		25203C9225EA62B2000BE950 /* AuthViewController.swift */ = {isa = PBXFileReference; fileEncoding = 4; lastKnownFileType = sourcecode.swift; path = AuthViewController.swift; sourceTree = "<group>"; };
		25203C9325EA62B2000BE950 /* AuthService.swift */ = {isa = PBXFileReference; fileEncoding = 4; lastKnownFileType = sourcecode.swift; path = AuthService.swift; sourceTree = "<group>"; };
		25203C9425EA62B2000BE950 /* AuthFlow.swift */ = {isa = PBXFileReference; fileEncoding = 4; lastKnownFileType = sourcecode.swift; path = AuthFlow.swift; sourceTree = "<group>"; };
		25203C9625EA62B2000BE950 /* NetworkManager.swift */ = {isa = PBXFileReference; fileEncoding = 4; lastKnownFileType = sourcecode.swift; path = NetworkManager.swift; sourceTree = "<group>"; };
		25203C9725EA62B2000BE950 /* ViewHierarchyWorker.swift */ = {isa = PBXFileReference; fileEncoding = 4; lastKnownFileType = sourcecode.swift; path = ViewHierarchyWorker.swift; sourceTree = "<group>"; };
		25203C9825EA62B2000BE950 /* LocalStore.swift */ = {isa = PBXFileReference; fileEncoding = 4; lastKnownFileType = sourcecode.swift; path = LocalStore.swift; sourceTree = "<group>"; };
		25203C9925EA62B2000BE950 /* Style.swift */ = {isa = PBXFileReference; fileEncoding = 4; lastKnownFileType = sourcecode.swift; path = Style.swift; sourceTree = "<group>"; };
		25203C9A25EA62B2000BE950 /* KeyboardBehavior.swift */ = {isa = PBXFileReference; fileEncoding = 4; lastKnownFileType = sourcecode.swift; path = KeyboardBehavior.swift; sourceTree = "<group>"; };
		25203C9B25EA62B2000BE950 /* FormKeyboardBehavior.swift */ = {isa = PBXFileReference; fileEncoding = 4; lastKnownFileType = sourcecode.swift; path = FormKeyboardBehavior.swift; sourceTree = "<group>"; };
		25203CB025EA62EF000BE950 /* Profile.swift */ = {isa = PBXFileReference; fileEncoding = 4; lastKnownFileType = sourcecode.swift; path = Profile.swift; sourceTree = "<group>"; };
		25203CB625EA6503000BE950 /* SqliteCacher+ExirableCacherType.swift */ = {isa = PBXFileReference; fileEncoding = 4; lastKnownFileType = sourcecode.swift; path = "SqliteCacher+ExirableCacherType.swift"; sourceTree = "<group>"; };
		25203CB725EA6503000BE950 /* AppCacher.swift */ = {isa = PBXFileReference; fileEncoding = 4; lastKnownFileType = sourcecode.swift; path = AppCacher.swift; sourceTree = "<group>"; };
		25203CB825EA6503000BE950 /* CacherType.swift */ = {isa = PBXFileReference; fileEncoding = 4; lastKnownFileType = sourcecode.swift; path = CacherType.swift; sourceTree = "<group>"; };
		25203CB925EA6503000BE950 /* LocationCacher.swift */ = {isa = PBXFileReference; fileEncoding = 4; lastKnownFileType = sourcecode.swift; path = LocationCacher.swift; sourceTree = "<group>"; };
		25203CBA25EA6503000BE950 /* LogsCacher.swift */ = {isa = PBXFileReference; fileEncoding = 4; lastKnownFileType = sourcecode.swift; path = LogsCacher.swift; sourceTree = "<group>"; };
		25203CBB25EA6503000BE950 /* SqliteCacher.swift */ = {isa = PBXFileReference; fileEncoding = 4; lastKnownFileType = sourcecode.swift; path = SqliteCacher.swift; sourceTree = "<group>"; };
		25203CBC25EA6503000BE950 /* SqliteCacher+MappableCacherType.swift */ = {isa = PBXFileReference; fileEncoding = 4; lastKnownFileType = sourcecode.swift; path = "SqliteCacher+MappableCacherType.swift"; sourceTree = "<group>"; };
		25203CC725EA655F000BE950 /* Result.swift */ = {isa = PBXFileReference; fileEncoding = 4; lastKnownFileType = sourcecode.swift; path = Result.swift; sourceTree = "<group>"; };
		25203CD025EA8CC6000BE950 /* MapFlow.swift */ = {isa = PBXFileReference; lastKnownFileType = sourcecode.swift; path = MapFlow.swift; sourceTree = "<group>"; };
		25203CD625EA8DAB000BE950 /* ProfileFlow.swift */ = {isa = PBXFileReference; lastKnownFileType = sourcecode.swift; path = ProfileFlow.swift; sourceTree = "<group>"; };
		25203CDE25EA8DE0000BE950 /* ProfileViewController.swift */ = {isa = PBXFileReference; lastKnownFileType = sourcecode.swift; path = ProfileViewController.swift; sourceTree = "<group>"; };
		25203CE325EA8EE2000BE950 /* MapViewController.swift */ = {isa = PBXFileReference; lastKnownFileType = sourcecode.swift; path = MapViewController.swift; sourceTree = "<group>"; };
		252BD38C260CDB3D009B2EAF /* SocketService.swift */ = {isa = PBXFileReference; lastKnownFileType = sourcecode.swift; path = SocketService.swift; sourceTree = "<group>"; };
		25312471260F503900C163E2 /* TitleTableViewCell.swift */ = {isa = PBXFileReference; lastKnownFileType = sourcecode.swift; path = TitleTableViewCell.swift; sourceTree = "<group>"; };
		25312472260F503900C163E2 /* TitleTableViewCell.xib */ = {isa = PBXFileReference; lastKnownFileType = file.xib; path = TitleTableViewCell.xib; sourceTree = "<group>"; };
		25312492260F5C7C00C163E2 /* MenuService.swift */ = {isa = PBXFileReference; lastKnownFileType = sourcecode.swift; path = MenuService.swift; sourceTree = "<group>"; };
		25312497260F5F0100C163E2 /* MenuFlow.swift */ = {isa = PBXFileReference; lastKnownFileType = sourcecode.swift; path = MenuFlow.swift; sourceTree = "<group>"; };
		2553007E261A35550058E327 /* GoogleService-Info.plist */ = {isa = PBXFileReference; fileEncoding = 4; lastKnownFileType = text.plist.xml; path = "GoogleService-Info.plist"; sourceTree = "<group>"; };
		2554723125EA9F10003C806F /* Montserrat-LightItalic.ttf */ = {isa = PBXFileReference; lastKnownFileType = file; path = "Montserrat-LightItalic.ttf"; sourceTree = "<group>"; };
		2554723225EA9F10003C806F /* Montserrat-Medium.ttf */ = {isa = PBXFileReference; lastKnownFileType = file; path = "Montserrat-Medium.ttf"; sourceTree = "<group>"; };
		2554723325EA9F10003C806F /* Montserrat-BoldItalic.ttf */ = {isa = PBXFileReference; lastKnownFileType = file; path = "Montserrat-BoldItalic.ttf"; sourceTree = "<group>"; };
		2554723425EA9F10003C806F /* Montserrat-Light.ttf */ = {isa = PBXFileReference; lastKnownFileType = file; path = "Montserrat-Light.ttf"; sourceTree = "<group>"; };
		2554723525EA9F10003C806F /* Montserrat-ThinItalic.ttf */ = {isa = PBXFileReference; lastKnownFileType = file; path = "Montserrat-ThinItalic.ttf"; sourceTree = "<group>"; };
		2554723625EA9F10003C806F /* Montserrat-ExtraLight.ttf */ = {isa = PBXFileReference; lastKnownFileType = file; path = "Montserrat-ExtraLight.ttf"; sourceTree = "<group>"; };
		2554723725EA9F10003C806F /* Montserrat-Thin.ttf */ = {isa = PBXFileReference; lastKnownFileType = file; path = "Montserrat-Thin.ttf"; sourceTree = "<group>"; };
		2554723825EA9F10003C806F /* Montserrat-Bold.ttf */ = {isa = PBXFileReference; lastKnownFileType = file; path = "Montserrat-Bold.ttf"; sourceTree = "<group>"; };
		2554723925EA9F10003C806F /* Montserrat-MediumItalic.ttf */ = {isa = PBXFileReference; lastKnownFileType = file; path = "Montserrat-MediumItalic.ttf"; sourceTree = "<group>"; };
		2554723A25EA9F10003C806F /* Montserrat-BlackItalic.ttf */ = {isa = PBXFileReference; lastKnownFileType = file; path = "Montserrat-BlackItalic.ttf"; sourceTree = "<group>"; };
		2554723B25EA9F10003C806F /* Montserrat-SemiBold.ttf */ = {isa = PBXFileReference; lastKnownFileType = file; path = "Montserrat-SemiBold.ttf"; sourceTree = "<group>"; };
		2554723C25EA9F10003C806F /* Montserrat-ExtraLightItalic.ttf */ = {isa = PBXFileReference; lastKnownFileType = file; path = "Montserrat-ExtraLightItalic.ttf"; sourceTree = "<group>"; };
		2554723D25EA9F10003C806F /* Montserrat-ExtraBold.ttf */ = {isa = PBXFileReference; lastKnownFileType = file; path = "Montserrat-ExtraBold.ttf"; sourceTree = "<group>"; };
		2554723E25EA9F10003C806F /* OFL.txt */ = {isa = PBXFileReference; fileEncoding = 4; lastKnownFileType = text; path = OFL.txt; sourceTree = "<group>"; };
		2554723F25EA9F10003C806F /* Montserrat-Black.ttf */ = {isa = PBXFileReference; lastKnownFileType = file; path = "Montserrat-Black.ttf"; sourceTree = "<group>"; };
		2554724025EA9F10003C806F /* Montserrat-Regular.ttf */ = {isa = PBXFileReference; lastKnownFileType = file; path = "Montserrat-Regular.ttf"; sourceTree = "<group>"; };
		2554724125EA9F10003C806F /* Montserrat-Italic.ttf */ = {isa = PBXFileReference; lastKnownFileType = file; path = "Montserrat-Italic.ttf"; sourceTree = "<group>"; };
		2554724225EA9F10003C806F /* Montserrat-SemiBoldItalic.ttf */ = {isa = PBXFileReference; lastKnownFileType = file; path = "Montserrat-SemiBoldItalic.ttf"; sourceTree = "<group>"; };
		2554724325EA9F10003C806F /* Montserrat-ExtraBoldItalic.ttf */ = {isa = PBXFileReference; lastKnownFileType = file; path = "Montserrat-ExtraBoldItalic.ttf"; sourceTree = "<group>"; };
		256E333C2608A9AA000C679F /* DrawerController.swift */ = {isa = PBXFileReference; fileEncoding = 4; lastKnownFileType = sourcecode.swift; path = DrawerController.swift; sourceTree = "<group>"; };
		256E33422608A9EB000C679F /* MenuPresenter.swift */ = {isa = PBXFileReference; lastKnownFileType = sourcecode.swift; path = MenuPresenter.swift; sourceTree = "<group>"; };
		256E33432608A9EB000C679F /* MenuWorker.swift */ = {isa = PBXFileReference; lastKnownFileType = sourcecode.swift; path = MenuWorker.swift; sourceTree = "<group>"; };
		256E33442608A9EB000C679F /* MenuRouter.swift */ = {isa = PBXFileReference; lastKnownFileType = sourcecode.swift; path = MenuRouter.swift; sourceTree = "<group>"; };
		256E33452608A9EB000C679F /* MenuModels.swift */ = {isa = PBXFileReference; lastKnownFileType = sourcecode.swift; path = MenuModels.swift; sourceTree = "<group>"; };
		256E33462608A9EB000C679F /* MenuViewController.swift */ = {isa = PBXFileReference; lastKnownFileType = sourcecode.swift; path = MenuViewController.swift; sourceTree = "<group>"; };
		256E33472608A9EB000C679F /* MenuInteractor.swift */ = {isa = PBXFileReference; lastKnownFileType = sourcecode.swift; path = MenuInteractor.swift; sourceTree = "<group>"; };
		256E33542608AA94000C679F /* RootViewController.swift */ = {isa = PBXFileReference; lastKnownFileType = sourcecode.swift; path = RootViewController.swift; sourceTree = "<group>"; };
		256E33592608ACA2000C679F /* LocationTracker.swift */ = {isa = PBXFileReference; lastKnownFileType = sourcecode.swift; path = LocationTracker.swift; sourceTree = "<group>"; };
		257AE84C260E3F0700660A1A /* RidesViewController.swift */ = {isa = PBXFileReference; lastKnownFileType = sourcecode.swift; path = RidesViewController.swift; sourceTree = "<group>"; };
		257AE851260E3F1200660A1A /* WalletViewController.swift */ = {isa = PBXFileReference; lastKnownFileType = sourcecode.swift; path = WalletViewController.swift; sourceTree = "<group>"; };
		257AE856260E3F5D00660A1A /* PromoViewController.swift */ = {isa = PBXFileReference; lastKnownFileType = sourcecode.swift; path = PromoViewController.swift; sourceTree = "<group>"; };
		257AE865260E422D00660A1A /* en */ = {isa = PBXFileReference; lastKnownFileType = text.plist.strings; name = en; path = en.lproj/Localizable.strings; sourceTree = "<group>"; };
		257AE86A260E42A700660A1A /* ru */ = {isa = PBXFileReference; lastKnownFileType = text.plist.strings; name = ru; path = ru.lproj/Localizable.strings; sourceTree = "<group>"; };
		25A991BF261CDB4900F2087C /* NotificationService.swift */ = {isa = PBXFileReference; lastKnownFileType = sourcecode.swift; path = NotificationService.swift; sourceTree = "<group>"; };
		25A991C5261DDD5500F2087C /* AnonNotificationAlert.swift */ = {isa = PBXFileReference; fileEncoding = 4; lastKnownFileType = sourcecode.swift; path = AnonNotificationAlert.swift; sourceTree = "<group>"; };
		25A991C6261DDD5500F2087C /* PushNotificationAlert.swift */ = {isa = PBXFileReference; fileEncoding = 4; lastKnownFileType = sourcecode.swift; path = PushNotificationAlert.swift; sourceTree = "<group>"; };
		25A991C7261DDD5500F2087C /* NotificationAlert.swift */ = {isa = PBXFileReference; fileEncoding = 4; lastKnownFileType = sourcecode.swift; path = NotificationAlert.swift; sourceTree = "<group>"; };
		25A991C8261DDD5500F2087C /* SystemSoundPlayer.swift */ = {isa = PBXFileReference; fileEncoding = 4; lastKnownFileType = sourcecode.swift; path = SystemSoundPlayer.swift; sourceTree = "<group>"; };
		25A991C9261DDD5500F2087C /* BasicNotificationAlert.swift */ = {isa = PBXFileReference; fileEncoding = 4; lastKnownFileType = sourcecode.swift; path = BasicNotificationAlert.swift; sourceTree = "<group>"; };
		25A991CA261DDD5500F2087C /* ErrorNotificationAlert.swift */ = {isa = PBXFileReference; fileEncoding = 4; lastKnownFileType = sourcecode.swift; path = ErrorNotificationAlert.swift; sourceTree = "<group>"; };
		25A991CB261DDD5500F2087C /* WindowAlertPresenter.swift */ = {isa = PBXFileReference; fileEncoding = 4; lastKnownFileType = sourcecode.swift; path = WindowAlertPresenter.swift; sourceTree = "<group>"; };
		25A991D6261DDE3000F2087C /* HairLineView.swift */ = {isa = PBXFileReference; fileEncoding = 4; lastKnownFileType = sourcecode.swift; path = HairLineView.swift; sourceTree = "<group>"; };
		25B8B7D4261776D400A65CB3 /* RideService.swift */ = {isa = PBXFileReference; lastKnownFileType = sourcecode.swift; path = RideService.swift; sourceTree = "<group>"; };
		2D6A7CF19591FFF7C2E5E086 /* Pods-RentBike.release.xcconfig */ = {isa = PBXFileReference; includeInIndex = 1; lastKnownFileType = text.xcconfig; name = "Pods-RentBike.release.xcconfig"; path = "Target Support Files/Pods-RentBike/Pods-RentBike.release.xcconfig"; sourceTree = "<group>"; };
		88AC134544A9C010CD0A2BB0 /* Pods-RentBike.debug.xcconfig */ = {isa = PBXFileReference; includeInIndex = 1; lastKnownFileType = text.xcconfig; name = "Pods-RentBike.debug.xcconfig"; path = "Target Support Files/Pods-RentBike/Pods-RentBike.debug.xcconfig"; sourceTree = "<group>"; };
		AF9D9F9CE4FFFB10005465F8 /* Pods_RentBike.framework */ = {isa = PBXFileReference; explicitFileType = wrapper.framework; includeInIndex = 0; path = Pods_RentBike.framework; sourceTree = BUILT_PRODUCTS_DIR; };
/* End PBXFileReference section */

/* Begin PBXFrameworksBuildPhase section */
		25203BFF25EA5F14000BE950 /* Frameworks */ = {
			isa = PBXFrameworksBuildPhase;
			buildActionMask = 2147483647;
			files = (
				4D6B99318ED2D89A157414B8 /* Pods_RentBike.framework in Frameworks */,
			);
			runOnlyForDeploymentPostprocessing = 0;
		};
		25203C1525EA5F16000BE950 /* Frameworks */ = {
			isa = PBXFrameworksBuildPhase;
			buildActionMask = 2147483647;
			files = (
			);
			runOnlyForDeploymentPostprocessing = 0;
		};
		25203C2025EA5F16000BE950 /* Frameworks */ = {
			isa = PBXFrameworksBuildPhase;
			buildActionMask = 2147483647;
			files = (
			);
			runOnlyForDeploymentPostprocessing = 0;
		};
/* End PBXFrameworksBuildPhase section */

/* Begin PBXGroup section */
		251B8515260E3A750019B54B /* Storyboards */ = {
			isa = PBXGroup;
			children = (
				25203C0B25EA5F14000BE950 /* Main.storyboard */,
				251B850B260E38D60019B54B /* Profile.storyboard */,
				251B8510260E39250019B54B /* Auth.storyboard */,
			);
			path = Storyboards;
			sourceTree = "<group>";
		};
		25203BF925EA5F14000BE950 = {
			isa = PBXGroup;
			children = (
				25203C0425EA5F14000BE950 /* RentBike */,
				25203C1B25EA5F16000BE950 /* RentBikeTests */,
				25203C2625EA5F16000BE950 /* RentBikeUITests */,
				25203C0325EA5F14000BE950 /* Products */,
				828F9BB28F3F5809FE637667 /* Pods */,
				91FC13F5D1DDC4A1EDDC8317 /* Frameworks */,
			);
			sourceTree = "<group>";
		};
		25203C0325EA5F14000BE950 /* Products */ = {
			isa = PBXGroup;
			children = (
				25203C0225EA5F14000BE950 /* RentBike.app */,
				25203C1825EA5F16000BE950 /* RentBikeTests.xctest */,
				25203C2325EA5F16000BE950 /* RentBikeUITests.xctest */,
			);
			name = Products;
			sourceTree = "<group>";
		};
		25203C0425EA5F14000BE950 /* RentBike */ = {
			isa = PBXGroup;
			children = (
				25203C0525EA5F14000BE950 /* AppDelegate.swift */,
				25203C8A25EA62B2000BE950 /* ApplicationFlow.swift */,
				25203CAE25EA62BB000BE950 /* Scene */,
				25203CB525EA6503000BE950 /* Store */,
				25203C8B25EA62B2000BE950 /* Services */,
				25203CAF25EA62EF000BE950 /* Models */,
				25203C8D25EA62B2000BE950 /* View */,
				25203C9525EA62B2000BE950 /* Workers */,
				25203C6D25EA6262000BE950 /* Extensions */,
				251B8515260E3A750019B54B /* Storyboards */,
				25203C4725EA5FE2000BE950 /* Resource */,
				25203C1025EA5F16000BE950 /* LaunchScreen.storyboard */,
			);
			path = RentBike;
			sourceTree = "<group>";
		};
		25203C1B25EA5F16000BE950 /* RentBikeTests */ = {
			isa = PBXGroup;
			children = (
				25203C1C25EA5F16000BE950 /* RentBikeTests.swift */,
				25203C1E25EA5F16000BE950 /* Info.plist */,
			);
			path = RentBikeTests;
			sourceTree = "<group>";
		};
		25203C2625EA5F16000BE950 /* RentBikeUITests */ = {
			isa = PBXGroup;
			children = (
				25203C2725EA5F16000BE950 /* RentBikeUITests.swift */,
				25203C2925EA5F16000BE950 /* Info.plist */,
			);
			path = RentBikeUITests;
			sourceTree = "<group>";
		};
		25203C4725EA5FE2000BE950 /* Resource */ = {
			isa = PBXGroup;
			children = (
				2553007E261A35550058E327 /* GoogleService-Info.plist */,
				250ECD4A25F4E404006EA881 /* Bikes.geojson */,
				2554723025EA9F10003C806F /* Montserrat */,
				25203C0E25EA5F16000BE950 /* Assets.xcassets */,
				25203C1325EA5F16000BE950 /* Info.plist */,
				250ECD6025F500A0006EA881 /* LocationMock.gpx */,
				257AE866260E422D00660A1A /* Localizable.strings */,
			);
			path = Resource;
			sourceTree = "<group>";
		};
		25203C6D25EA6262000BE950 /* Extensions */ = {
			isa = PBXGroup;
			children = (
				25203C6E25EA6262000BE950 /* UIView.swift */,
				25203C6F25EA6262000BE950 /* UIColor.swift */,
				25203C7025EA6262000BE950 /* Int.swift */,
				25203C7125EA6262000BE950 /* UITableView.swift */,
				25203C7225EA6262000BE950 /* UITableViewCell.swift */,
				25203C7325EA6262000BE950 /* Notification.swift */,
				25203C7425EA6262000BE950 /* String.swift */,
				25203C7525EA6262000BE950 /* UIImage.swift */,
				25203C7625EA6262000BE950 /* UIViewController.swift */,
				25203C7725EA6262000BE950 /* UIWindow.swift */,
				25203C7825EA6262000BE950 /* UIImageView+SD.swift */,
				25203C7925EA6262000BE950 /* UIApplication.swift */,
			);
			path = Extensions;
			sourceTree = "<group>";
		};
		25203C8B25EA62B2000BE950 /* Services */ = {
			isa = PBXGroup;
			children = (
				25312492260F5C7C00C163E2 /* MenuService.swift */,
				25B8B7D4261776D400A65CB3 /* RideService.swift */,
				25203CC725EA655F000BE950 /* Result.swift */,
				252BD38C260CDB3D009B2EAF /* SocketService.swift */,
				25A991BF261CDB4900F2087C /* NotificationService.swift */,
				25203C9325EA62B2000BE950 /* AuthService.swift */,
				25203C8C25EA62B2000BE950 /* NetworkService.swift */,
				256E33592608ACA2000C679F /* LocationTracker.swift */,
			);
			path = Services;
			sourceTree = "<group>";
		};
		25203C8D25EA62B2000BE950 /* View */ = {
			isa = PBXGroup;
			children = (
				25A991D6261DDE3000F2087C /* HairLineView.swift */,
				25203C8E25EA62B2000BE950 /* SkyFloatingLabelTextField.swift */,
				25203C8F25EA62B2000BE950 /* UITextField+fixCaretPosition.swift */,
				25203C9025EA62B2000BE950 /* SkyFloatingLabelTextFieldWithIcon.swift */,
				250ECD5825F4F632006EA881 /* RoundButton.swift */,
				25312471260F503900C163E2 /* TitleTableViewCell.swift */,
				25312472260F503900C163E2 /* TitleTableViewCell.xib */,
			);
			path = View;
			sourceTree = "<group>";
		};
		25203C9125EA62B2000BE950 /* Auth */ = {
			isa = PBXGroup;
			children = (
				25203C9225EA62B2000BE950 /* AuthViewController.swift */,
				25203C9425EA62B2000BE950 /* AuthFlow.swift */,
			);
			path = Auth;
			sourceTree = "<group>";
		};
		25203C9525EA62B2000BE950 /* Workers */ = {
			isa = PBXGroup;
			children = (
				25A991C4261DDD5500F2087C /* Notifications */,
				250ECDA525F51C0C006EA881 /* LayoutHelper.swift */,
				25203C9625EA62B2000BE950 /* NetworkManager.swift */,
				25203C9725EA62B2000BE950 /* ViewHierarchyWorker.swift */,
				25203C9825EA62B2000BE950 /* LocalStore.swift */,
				25203C9925EA62B2000BE950 /* Style.swift */,
				25203C9A25EA62B2000BE950 /* KeyboardBehavior.swift */,
				25203C9B25EA62B2000BE950 /* FormKeyboardBehavior.swift */,
			);
			path = Workers;
			sourceTree = "<group>";
		};
		25203CAE25EA62BB000BE950 /* Scene */ = {
			isa = PBXGroup;
			children = (
				257AE85B260E3FDF00660A1A /* MenuVC */,
				256E33412608A9C1000C679F /* Menu */,
				25203CD525EA8CCB000BE950 /* Main */,
				25203CCC25EA65B0000BE950 /* Profile */,
				25203C9125EA62B2000BE950 /* Auth */,
			);
			path = Scene;
			sourceTree = "<group>";
		};
		25203CAF25EA62EF000BE950 /* Models */ = {
			isa = PBXGroup;
			children = (
				25203CB025EA62EF000BE950 /* Profile.swift */,
				251B8503260E366E0019B54B /* Bike.swift */,
				251B84FE260E32A70019B54B /* Wallet.swift */,
				250ECD3D25F4E144006EA881 /* BikeAnnotataion.swift */,
				250ECD4525F4E2D2006EA881 /* BikeView.swift */,
			);
			path = Models;
			sourceTree = "<group>";
		};
		25203CB525EA6503000BE950 /* Store */ = {
			isa = PBXGroup;
			children = (
				25203CB625EA6503000BE950 /* SqliteCacher+ExirableCacherType.swift */,
				25203CB725EA6503000BE950 /* AppCacher.swift */,
				25203CB825EA6503000BE950 /* CacherType.swift */,
				25203CB925EA6503000BE950 /* LocationCacher.swift */,
				25203CBA25EA6503000BE950 /* LogsCacher.swift */,
				25203CBB25EA6503000BE950 /* SqliteCacher.swift */,
				25203CBC25EA6503000BE950 /* SqliteCacher+MappableCacherType.swift */,
			);
			path = Store;
			sourceTree = "<group>";
		};
		25203CCC25EA65B0000BE950 /* Profile */ = {
			isa = PBXGroup;
			children = (
				25203CD625EA8DAB000BE950 /* ProfileFlow.swift */,
				25203CDE25EA8DE0000BE950 /* ProfileViewController.swift */,
			);
			path = Profile;
			sourceTree = "<group>";
		};
		25203CD525EA8CCB000BE950 /* Main */ = {
			isa = PBXGroup;
			children = (
				25203CD025EA8CC6000BE950 /* MapFlow.swift */,
				25203CE325EA8EE2000BE950 /* MapViewController.swift */,
			);
			path = Main;
			sourceTree = "<group>";
		};
		2554723025EA9F10003C806F /* Montserrat */ = {
			isa = PBXGroup;
			children = (
				2554723125EA9F10003C806F /* Montserrat-LightItalic.ttf */,
				2554723225EA9F10003C806F /* Montserrat-Medium.ttf */,
				2554723325EA9F10003C806F /* Montserrat-BoldItalic.ttf */,
				2554723425EA9F10003C806F /* Montserrat-Light.ttf */,
				2554723525EA9F10003C806F /* Montserrat-ThinItalic.ttf */,
				2554723625EA9F10003C806F /* Montserrat-ExtraLight.ttf */,
				2554723725EA9F10003C806F /* Montserrat-Thin.ttf */,
				2554723825EA9F10003C806F /* Montserrat-Bold.ttf */,
				2554723925EA9F10003C806F /* Montserrat-MediumItalic.ttf */,
				2554723A25EA9F10003C806F /* Montserrat-BlackItalic.ttf */,
				2554723B25EA9F10003C806F /* Montserrat-SemiBold.ttf */,
				2554723C25EA9F10003C806F /* Montserrat-ExtraLightItalic.ttf */,
				2554723D25EA9F10003C806F /* Montserrat-ExtraBold.ttf */,
				2554723E25EA9F10003C806F /* OFL.txt */,
				2554723F25EA9F10003C806F /* Montserrat-Black.ttf */,
				2554724025EA9F10003C806F /* Montserrat-Regular.ttf */,
				2554724125EA9F10003C806F /* Montserrat-Italic.ttf */,
				2554724225EA9F10003C806F /* Montserrat-SemiBoldItalic.ttf */,
				2554724325EA9F10003C806F /* Montserrat-ExtraBoldItalic.ttf */,
			);
			path = Montserrat;
			sourceTree = "<group>";
		};
		256E33412608A9C1000C679F /* Menu */ = {
			isa = PBXGroup;
			children = (
				256E333C2608A9AA000C679F /* DrawerController.swift */,
				256E33542608AA94000C679F /* RootViewController.swift */,
				256E33462608A9EB000C679F /* MenuViewController.swift */,
				256E33422608A9EB000C679F /* MenuPresenter.swift */,
				256E33432608A9EB000C679F /* MenuWorker.swift */,
				256E33442608A9EB000C679F /* MenuRouter.swift */,
				256E33452608A9EB000C679F /* MenuModels.swift */,
				256E33472608A9EB000C679F /* MenuInteractor.swift */,
			);
			path = Menu;
			sourceTree = "<group>";
		};
		257AE85B260E3FDF00660A1A /* MenuVC */ = {
			isa = PBXGroup;
			children = (
				257AE84C260E3F0700660A1A /* RidesViewController.swift */,
				25312497260F5F0100C163E2 /* MenuFlow.swift */,
				257AE851260E3F1200660A1A /* WalletViewController.swift */,
				257AE856260E3F5D00660A1A /* PromoViewController.swift */,
			);
			path = MenuVC;
			sourceTree = "<group>";
		};
		25A991C4261DDD5500F2087C /* Notifications */ = {
			isa = PBXGroup;
			children = (
				25A991C5261DDD5500F2087C /* AnonNotificationAlert.swift */,
				25A991C6261DDD5500F2087C /* PushNotificationAlert.swift */,
				25A991C7261DDD5500F2087C /* NotificationAlert.swift */,
				25A991C8261DDD5500F2087C /* SystemSoundPlayer.swift */,
				25A991C9261DDD5500F2087C /* BasicNotificationAlert.swift */,
				25A991CA261DDD5500F2087C /* ErrorNotificationAlert.swift */,
				25A991CB261DDD5500F2087C /* WindowAlertPresenter.swift */,
			);
			path = Notifications;
			sourceTree = "<group>";
		};
		828F9BB28F3F5809FE637667 /* Pods */ = {
			isa = PBXGroup;
			children = (
				88AC134544A9C010CD0A2BB0 /* Pods-RentBike.debug.xcconfig */,
				2D6A7CF19591FFF7C2E5E086 /* Pods-RentBike.release.xcconfig */,
			);
			path = Pods;
			sourceTree = "<group>";
		};
		91FC13F5D1DDC4A1EDDC8317 /* Frameworks */ = {
			isa = PBXGroup;
			children = (
				AF9D9F9CE4FFFB10005465F8 /* Pods_RentBike.framework */,
			);
			name = Frameworks;
			sourceTree = "<group>";
		};
/* End PBXGroup section */

/* Begin PBXNativeTarget section */
		25203C0125EA5F14000BE950 /* RentBike */ = {
			isa = PBXNativeTarget;
			buildConfigurationList = 25203C2C25EA5F16000BE950 /* Build configuration list for PBXNativeTarget "RentBike" */;
			buildPhases = (
				5A0C413B28A0F6D751FB8771 /* [CP] Check Pods Manifest.lock */,
				25203BFE25EA5F14000BE950 /* Sources */,
				25203BFF25EA5F14000BE950 /* Frameworks */,
				25203C0025EA5F14000BE950 /* Resources */,
				424BE2D17FA9510C9981464C /* [CP] Embed Pods Frameworks */,
				288785C036D706B84EABF6A0 /* [CP] Copy Pods Resources */,
			);
			buildRules = (
			);
			dependencies = (
			);
			name = RentBike;
			productName = RentBike;
			productReference = 25203C0225EA5F14000BE950 /* RentBike.app */;
			productType = "com.apple.product-type.application";
		};
		25203C1725EA5F16000BE950 /* RentBikeTests */ = {
			isa = PBXNativeTarget;
			buildConfigurationList = 25203C2F25EA5F16000BE950 /* Build configuration list for PBXNativeTarget "RentBikeTests" */;
			buildPhases = (
				25203C1425EA5F16000BE950 /* Sources */,
				25203C1525EA5F16000BE950 /* Frameworks */,
				25203C1625EA5F16000BE950 /* Resources */,
			);
			buildRules = (
			);
			dependencies = (
				25203C1A25EA5F16000BE950 /* PBXTargetDependency */,
			);
			name = RentBikeTests;
			productName = RentBikeTests;
			productReference = 25203C1825EA5F16000BE950 /* RentBikeTests.xctest */;
			productType = "com.apple.product-type.bundle.unit-test";
		};
		25203C2225EA5F16000BE950 /* RentBikeUITests */ = {
			isa = PBXNativeTarget;
			buildConfigurationList = 25203C3225EA5F16000BE950 /* Build configuration list for PBXNativeTarget "RentBikeUITests" */;
			buildPhases = (
				25203C1F25EA5F16000BE950 /* Sources */,
				25203C2025EA5F16000BE950 /* Frameworks */,
				25203C2125EA5F16000BE950 /* Resources */,
			);
			buildRules = (
			);
			dependencies = (
				25203C2525EA5F16000BE950 /* PBXTargetDependency */,
			);
			name = RentBikeUITests;
			productName = RentBikeUITests;
			productReference = 25203C2325EA5F16000BE950 /* RentBikeUITests.xctest */;
			productType = "com.apple.product-type.bundle.ui-testing";
		};
/* End PBXNativeTarget section */

/* Begin PBXProject section */
		25203BFA25EA5F14000BE950 /* Project object */ = {
			isa = PBXProject;
			attributes = {
				LastSwiftUpdateCheck = 1240;
				LastUpgradeCheck = 1240;
				TargetAttributes = {
					25203C0125EA5F14000BE950 = {
						CreatedOnToolsVersion = 12.4;
					};
					25203C1725EA5F16000BE950 = {
						CreatedOnToolsVersion = 12.4;
						TestTargetID = 25203C0125EA5F14000BE950;
					};
					25203C2225EA5F16000BE950 = {
						CreatedOnToolsVersion = 12.4;
						TestTargetID = 25203C0125EA5F14000BE950;
					};
				};
			};
			buildConfigurationList = 25203BFD25EA5F14000BE950 /* Build configuration list for PBXProject "RentBike" */;
			compatibilityVersion = "Xcode 9.3";
			developmentRegion = en;
			hasScannedForEncodings = 0;
			knownRegions = (
				en,
				Base,
				ru,
			);
			mainGroup = 25203BF925EA5F14000BE950;
			productRefGroup = 25203C0325EA5F14000BE950 /* Products */;
			projectDirPath = "";
			projectRoot = "";
			targets = (
				25203C0125EA5F14000BE950 /* RentBike */,
				25203C1725EA5F16000BE950 /* RentBikeTests */,
				25203C2225EA5F16000BE950 /* RentBikeUITests */,
			);
		};
/* End PBXProject section */

/* Begin PBXResourcesBuildPhase section */
		25203C0025EA5F14000BE950 /* Resources */ = {
			isa = PBXResourcesBuildPhase;
			buildActionMask = 2147483647;
			files = (
				2554725525EA9F10003C806F /* Montserrat-SemiBoldItalic.ttf in Resources */,
				2554725125EA9F10003C806F /* OFL.txt in Resources */,
				251B8511260E39250019B54B /* Auth.storyboard in Resources */,
				2554724A25EA9F10003C806F /* Montserrat-Thin.ttf in Resources */,
				2554724725EA9F10003C806F /* Montserrat-Light.ttf in Resources */,
				2554724F25EA9F10003C806F /* Montserrat-ExtraLightItalic.ttf in Resources */,
				2554724625EA9F10003C806F /* Montserrat-BoldItalic.ttf in Resources */,
				2554724825EA9F10003C806F /* Montserrat-ThinItalic.ttf in Resources */,
				2554725025EA9F10003C806F /* Montserrat-ExtraBold.ttf in Resources */,
				257AE864260E422D00660A1A /* Localizable.strings in Resources */,
				2554725325EA9F10003C806F /* Montserrat-Regular.ttf in Resources */,
				2554724425EA9F10003C806F /* Montserrat-LightItalic.ttf in Resources */,
				2554724925EA9F10003C806F /* Montserrat-ExtraLight.ttf in Resources */,
				2553007F261A35550058E327 /* GoogleService-Info.plist in Resources */,
				2554724525EA9F10003C806F /* Montserrat-Medium.ttf in Resources */,
				25203C1225EA5F16000BE950 /* LaunchScreen.storyboard in Resources */,
				25203C0F25EA5F16000BE950 /* Assets.xcassets in Resources */,
				2554724D25EA9F10003C806F /* Montserrat-BlackItalic.ttf in Resources */,
				2554724E25EA9F10003C806F /* Montserrat-SemiBold.ttf in Resources */,
				2554725425EA9F10003C806F /* Montserrat-Italic.ttf in Resources */,
				2554724B25EA9F10003C806F /* Montserrat-Bold.ttf in Resources */,
				251B850C260E38D60019B54B /* Profile.storyboard in Resources */,
				2554724C25EA9F10003C806F /* Montserrat-MediumItalic.ttf in Resources */,
				25203C0D25EA5F14000BE950 /* Main.storyboard in Resources */,
				2554725225EA9F10003C806F /* Montserrat-Black.ttf in Resources */,
				25312474260F503900C163E2 /* TitleTableViewCell.xib in Resources */,
				250ECD4B25F4E404006EA881 /* Bikes.geojson in Resources */,
				2554725625EA9F10003C806F /* Montserrat-ExtraBoldItalic.ttf in Resources */,
			);
			runOnlyForDeploymentPostprocessing = 0;
		};
		25203C1625EA5F16000BE950 /* Resources */ = {
			isa = PBXResourcesBuildPhase;
			buildActionMask = 2147483647;
			files = (
			);
			runOnlyForDeploymentPostprocessing = 0;
		};
		25203C2125EA5F16000BE950 /* Resources */ = {
			isa = PBXResourcesBuildPhase;
			buildActionMask = 2147483647;
			files = (
			);
			runOnlyForDeploymentPostprocessing = 0;
		};
/* End PBXResourcesBuildPhase section */

/* Begin PBXShellScriptBuildPhase section */
		288785C036D706B84EABF6A0 /* [CP] Copy Pods Resources */ = {
			isa = PBXShellScriptBuildPhase;
			buildActionMask = 2147483647;
			files = (
			);
			inputFileListPaths = (
				"${PODS_ROOT}/Target Support Files/Pods-RentBike/Pods-RentBike-resources-${CONFIGURATION}-input-files.xcfilelist",
			);
			name = "[CP] Copy Pods Resources";
			outputFileListPaths = (
				"${PODS_ROOT}/Target Support Files/Pods-RentBike/Pods-RentBike-resources-${CONFIGURATION}-output-files.xcfilelist",
			);
			runOnlyForDeploymentPostprocessing = 0;
			shellPath = /bin/sh;
			shellScript = "\"${PODS_ROOT}/Target Support Files/Pods-RentBike/Pods-RentBike-resources.sh\"\n";
			showEnvVarsInLog = 0;
		};
		424BE2D17FA9510C9981464C /* [CP] Embed Pods Frameworks */ = {
			isa = PBXShellScriptBuildPhase;
			buildActionMask = 2147483647;
			files = (
			);
			inputFileListPaths = (
				"${PODS_ROOT}/Target Support Files/Pods-RentBike/Pods-RentBike-frameworks-${CONFIGURATION}-input-files.xcfilelist",
			);
			name = "[CP] Embed Pods Frameworks";
			outputFileListPaths = (
				"${PODS_ROOT}/Target Support Files/Pods-RentBike/Pods-RentBike-frameworks-${CONFIGURATION}-output-files.xcfilelist",
			);
			runOnlyForDeploymentPostprocessing = 0;
			shellPath = /bin/sh;
			shellScript = "\"${PODS_ROOT}/Target Support Files/Pods-RentBike/Pods-RentBike-frameworks.sh\"\n";
			showEnvVarsInLog = 0;
		};
		5A0C413B28A0F6D751FB8771 /* [CP] Check Pods Manifest.lock */ = {
			isa = PBXShellScriptBuildPhase;
			buildActionMask = 2147483647;
			files = (
			);
			inputFileListPaths = (
			);
			inputPaths = (
				"${PODS_PODFILE_DIR_PATH}/Podfile.lock",
				"${PODS_ROOT}/Manifest.lock",
			);
			name = "[CP] Check Pods Manifest.lock";
			outputFileListPaths = (
			);
			outputPaths = (
				"$(DERIVED_FILE_DIR)/Pods-RentBike-checkManifestLockResult.txt",
			);
			runOnlyForDeploymentPostprocessing = 0;
			shellPath = /bin/sh;
			shellScript = "diff \"${PODS_PODFILE_DIR_PATH}/Podfile.lock\" \"${PODS_ROOT}/Manifest.lock\" > /dev/null\nif [ $? != 0 ] ; then\n    # print error to STDERR\n    echo \"error: The sandbox is not in sync with the Podfile.lock. Run 'pod install' or update your CocoaPods installation.\" >&2\n    exit 1\nfi\n# This output is used by Xcode 'outputs' to avoid re-running this script phase.\necho \"SUCCESS\" > \"${SCRIPT_OUTPUT_FILE_0}\"\n";
			showEnvVarsInLog = 0;
		};
/* End PBXShellScriptBuildPhase section */

/* Begin PBXSourcesBuildPhase section */
		25203BFE25EA5F14000BE950 /* Sources */ = {
			isa = PBXSourcesBuildPhase;
			buildActionMask = 2147483647;
			files = (
				256E335A2608ACA2000C679F /* LocationTracker.swift in Sources */,
				25203CA525EA62B2000BE950 /* NetworkManager.swift in Sources */,
				25203C8525EA6262000BE950 /* UIApplication.swift in Sources */,
				25203CB125EA62EF000BE950 /* Profile.swift in Sources */,
				25203C7A25EA6262000BE950 /* UIView.swift in Sources */,
				25A991CD261DDD5500F2087C /* PushNotificationAlert.swift in Sources */,
				250ECD5925F4F632006EA881 /* RoundButton.swift in Sources */,
				25312498260F5F0100C163E2 /* MenuFlow.swift in Sources */,
				25203C8425EA6262000BE950 /* UIImageView+SD.swift in Sources */,
				25312493260F5C7C00C163E2 /* MenuService.swift in Sources */,
				25203C7B25EA6262000BE950 /* UIColor.swift in Sources */,
				252BD38D260CDB3D009B2EAF /* SocketService.swift in Sources */,
				25203CBE25EA6503000BE950 /* AppCacher.swift in Sources */,
				25203CA825EA62B2000BE950 /* Style.swift in Sources */,
				25A991D1261DDD5500F2087C /* ErrorNotificationAlert.swift in Sources */,
				25203C7D25EA6262000BE950 /* UITableView.swift in Sources */,
				25203CC825EA655F000BE950 /* Result.swift in Sources */,
				25203CA425EA62B2000BE950 /* AuthFlow.swift in Sources */,
				25A991CC261DDD5500F2087C /* AnonNotificationAlert.swift in Sources */,
				25203C9F25EA62B2000BE950 /* SkyFloatingLabelTextField.swift in Sources */,
				25203CA325EA62B2000BE950 /* AuthService.swift in Sources */,
				25203CD725EA8DAB000BE950 /* ProfileFlow.swift in Sources */,
				25A991CF261DDD5500F2087C /* SystemSoundPlayer.swift in Sources */,
				25203C7F25EA6262000BE950 /* Notification.swift in Sources */,
				25203CC325EA6503000BE950 /* SqliteCacher+MappableCacherType.swift in Sources */,
				256E334A2608A9EB000C679F /* MenuRouter.swift in Sources */,
				257AE84D260E3F0700660A1A /* RidesViewController.swift in Sources */,
				257AE857260E3F5D00660A1A /* PromoViewController.swift in Sources */,
				25203CA925EA62B2000BE950 /* KeyboardBehavior.swift in Sources */,
				25203C8325EA6262000BE950 /* UIWindow.swift in Sources */,
				257AE852260E3F1200660A1A /* WalletViewController.swift in Sources */,
				25203C9D25EA62B2000BE950 /* ApplicationFlow.swift in Sources */,
				25A991D0261DDD5500F2087C /* BasicNotificationAlert.swift in Sources */,
				25203CAA25EA62B2000BE950 /* FormKeyboardBehavior.swift in Sources */,
				25203C8225EA6262000BE950 /* UIViewController.swift in Sources */,
				251B84FF260E32A70019B54B /* Wallet.swift in Sources */,
				25203C7E25EA6262000BE950 /* UITableViewCell.swift in Sources */,
				25203CDF25EA8DE0000BE950 /* ProfileViewController.swift in Sources */,
				25203CBF25EA6503000BE950 /* CacherType.swift in Sources */,
				256E334B2608A9EB000C679F /* MenuModels.swift in Sources */,
				256E334D2608A9EB000C679F /* MenuInteractor.swift in Sources */,
				25203C9E25EA62B2000BE950 /* NetworkService.swift in Sources */,
				25B8B7D5261776D400A65CB3 /* RideService.swift in Sources */,
				25203CA225EA62B2000BE950 /* AuthViewController.swift in Sources */,
				25A991D7261DDE3000F2087C /* HairLineView.swift in Sources */,
				256E33552608AA94000C679F /* RootViewController.swift in Sources */,
				256E33492608A9EB000C679F /* MenuWorker.swift in Sources */,
				25203CA625EA62B2000BE950 /* ViewHierarchyWorker.swift in Sources */,
				250ECD4625F4E2D2006EA881 /* BikeView.swift in Sources */,
				25312473260F503900C163E2 /* TitleTableViewCell.swift in Sources */,
				25A991C0261CDB4900F2087C /* NotificationService.swift in Sources */,
				25203CA025EA62B2000BE950 /* UITextField+fixCaretPosition.swift in Sources */,
				25203CA725EA62B2000BE950 /* LocalStore.swift in Sources */,
				256E33482608A9EB000C679F /* MenuPresenter.swift in Sources */,
				25203C0625EA5F14000BE950 /* AppDelegate.swift in Sources */,
				251B8504260E366E0019B54B /* Bike.swift in Sources */,
				25203CC025EA6503000BE950 /* LocationCacher.swift in Sources */,
				25203CA125EA62B2000BE950 /* SkyFloatingLabelTextFieldWithIcon.swift in Sources */,
				25203CE425EA8EE2000BE950 /* MapViewController.swift in Sources */,
				25203C8125EA6262000BE950 /* UIImage.swift in Sources */,
				25203CD125EA8CC6000BE950 /* MapFlow.swift in Sources */,
				256E334C2608A9EB000C679F /* MenuViewController.swift in Sources */,
				25A991D2261DDD5500F2087C /* WindowAlertPresenter.swift in Sources */,
				25203CC225EA6503000BE950 /* SqliteCacher.swift in Sources */,
				25203C8025EA6262000BE950 /* String.swift in Sources */,
				250ECDA625F51C0C006EA881 /* LayoutHelper.swift in Sources */,
				25203C7C25EA6262000BE950 /* Int.swift in Sources */,
				256E333D2608A9AA000C679F /* DrawerController.swift in Sources */,
				250ECD3E25F4E144006EA881 /* BikeAnnotataion.swift in Sources */,
				25A991CE261DDD5500F2087C /* NotificationAlert.swift in Sources */,
				25203CC125EA6503000BE950 /* LogsCacher.swift in Sources */,
				25203CBD25EA6503000BE950 /* SqliteCacher+ExirableCacherType.swift in Sources */,
			);
			runOnlyForDeploymentPostprocessing = 0;
		};
		25203C1425EA5F16000BE950 /* Sources */ = {
			isa = PBXSourcesBuildPhase;
			buildActionMask = 2147483647;
			files = (
				25203C1D25EA5F16000BE950 /* RentBikeTests.swift in Sources */,
			);
			runOnlyForDeploymentPostprocessing = 0;
		};
		25203C1F25EA5F16000BE950 /* Sources */ = {
			isa = PBXSourcesBuildPhase;
			buildActionMask = 2147483647;
			files = (
				25203C2825EA5F16000BE950 /* RentBikeUITests.swift in Sources */,
			);
			runOnlyForDeploymentPostprocessing = 0;
		};
/* End PBXSourcesBuildPhase section */

/* Begin PBXTargetDependency section */
		25203C1A25EA5F16000BE950 /* PBXTargetDependency */ = {
			isa = PBXTargetDependency;
			target = 25203C0125EA5F14000BE950 /* RentBike */;
			targetProxy = 25203C1925EA5F16000BE950 /* PBXContainerItemProxy */;
		};
		25203C2525EA5F16000BE950 /* PBXTargetDependency */ = {
			isa = PBXTargetDependency;
			target = 25203C0125EA5F14000BE950 /* RentBike */;
			targetProxy = 25203C2425EA5F16000BE950 /* PBXContainerItemProxy */;
		};
/* End PBXTargetDependency section */

/* Begin PBXVariantGroup section */
		25203C0B25EA5F14000BE950 /* Main.storyboard */ = {
			isa = PBXVariantGroup;
			children = (
				25203C0C25EA5F14000BE950 /* Base */,
			);
			name = Main.storyboard;
			sourceTree = "<group>";
		};
		25203C1025EA5F16000BE950 /* LaunchScreen.storyboard */ = {
			isa = PBXVariantGroup;
			children = (
				25203C1125EA5F16000BE950 /* Base */,
			);
			name = LaunchScreen.storyboard;
			sourceTree = "<group>";
		};
		257AE866260E422D00660A1A /* Localizable.strings */ = {
			isa = PBXVariantGroup;
			children = (
				257AE865260E422D00660A1A /* en */,
				257AE86A260E42A700660A1A /* ru */,
			);
			name = Localizable.strings;
			sourceTree = "<group>";
		};
/* End PBXVariantGroup section */

/* Begin XCBuildConfiguration section */
		25203C2A25EA5F16000BE950 /* Debug */ = {
			isa = XCBuildConfiguration;
			buildSettings = {
				ALWAYS_SEARCH_USER_PATHS = NO;
				CLANG_ANALYZER_LOCALIZABILITY_NONLOCALIZED = YES;
				CLANG_ANALYZER_NONNULL = YES;
				CLANG_ANALYZER_NUMBER_OBJECT_CONVERSION = YES_AGGRESSIVE;
				CLANG_CXX_LANGUAGE_STANDARD = "gnu++14";
				CLANG_CXX_LIBRARY = "libc++";
				CLANG_ENABLE_MODULES = YES;
				CLANG_ENABLE_OBJC_ARC = YES;
				CLANG_ENABLE_OBJC_WEAK = YES;
				CLANG_WARN_BLOCK_CAPTURE_AUTORELEASING = YES;
				CLANG_WARN_BOOL_CONVERSION = YES;
				CLANG_WARN_COMMA = YES;
				CLANG_WARN_CONSTANT_CONVERSION = YES;
				CLANG_WARN_DEPRECATED_OBJC_IMPLEMENTATIONS = YES;
				CLANG_WARN_DIRECT_OBJC_ISA_USAGE = YES_ERROR;
				CLANG_WARN_DOCUMENTATION_COMMENTS = YES;
				CLANG_WARN_EMPTY_BODY = YES;
				CLANG_WARN_ENUM_CONVERSION = YES;
				CLANG_WARN_INFINITE_RECURSION = YES;
				CLANG_WARN_INT_CONVERSION = YES;
				CLANG_WARN_NON_LITERAL_NULL_CONVERSION = YES;
				CLANG_WARN_OBJC_IMPLICIT_RETAIN_SELF = YES;
				CLANG_WARN_OBJC_LITERAL_CONVERSION = YES;
				CLANG_WARN_OBJC_ROOT_CLASS = YES_ERROR;
				CLANG_WARN_QUOTED_INCLUDE_IN_FRAMEWORK_HEADER = YES;
				CLANG_WARN_RANGE_LOOP_ANALYSIS = YES;
				CLANG_WARN_STRICT_PROTOTYPES = YES;
				CLANG_WARN_SUSPICIOUS_MOVE = YES;
				CLANG_WARN_UNGUARDED_AVAILABILITY = YES_AGGRESSIVE;
				CLANG_WARN_UNREACHABLE_CODE = YES;
				CLANG_WARN__DUPLICATE_METHOD_MATCH = YES;
				COPY_PHASE_STRIP = NO;
				DEBUG_INFORMATION_FORMAT = dwarf;
				ENABLE_STRICT_OBJC_MSGSEND = YES;
				ENABLE_TESTABILITY = YES;
				GCC_C_LANGUAGE_STANDARD = gnu11;
				GCC_DYNAMIC_NO_PIC = NO;
				GCC_NO_COMMON_BLOCKS = YES;
				GCC_OPTIMIZATION_LEVEL = 0;
				GCC_PREPROCESSOR_DEFINITIONS = (
					"DEBUG=1",
					"$(inherited)",
				);
				GCC_WARN_64_TO_32_BIT_CONVERSION = YES;
				GCC_WARN_ABOUT_RETURN_TYPE = YES_ERROR;
				GCC_WARN_UNDECLARED_SELECTOR = YES;
				GCC_WARN_UNINITIALIZED_AUTOS = YES_AGGRESSIVE;
				GCC_WARN_UNUSED_FUNCTION = YES;
				GCC_WARN_UNUSED_VARIABLE = YES;
				IPHONEOS_DEPLOYMENT_TARGET = 12.1;
				MTL_ENABLE_DEBUG_INFO = INCLUDE_SOURCE;
				MTL_FAST_MATH = YES;
				ONLY_ACTIVE_ARCH = YES;
				SDKROOT = iphoneos;
				SWIFT_ACTIVE_COMPILATION_CONDITIONS = DEBUG;
				SWIFT_OPTIMIZATION_LEVEL = "-Onone";
			};
			name = Debug;
		};
		25203C2B25EA5F16000BE950 /* Release */ = {
			isa = XCBuildConfiguration;
			buildSettings = {
				ALWAYS_SEARCH_USER_PATHS = NO;
				CLANG_ANALYZER_LOCALIZABILITY_NONLOCALIZED = YES;
				CLANG_ANALYZER_NONNULL = YES;
				CLANG_ANALYZER_NUMBER_OBJECT_CONVERSION = YES_AGGRESSIVE;
				CLANG_CXX_LANGUAGE_STANDARD = "gnu++14";
				CLANG_CXX_LIBRARY = "libc++";
				CLANG_ENABLE_MODULES = YES;
				CLANG_ENABLE_OBJC_ARC = YES;
				CLANG_ENABLE_OBJC_WEAK = YES;
				CLANG_WARN_BLOCK_CAPTURE_AUTORELEASING = YES;
				CLANG_WARN_BOOL_CONVERSION = YES;
				CLANG_WARN_COMMA = YES;
				CLANG_WARN_CONSTANT_CONVERSION = YES;
				CLANG_WARN_DEPRECATED_OBJC_IMPLEMENTATIONS = YES;
				CLANG_WARN_DIRECT_OBJC_ISA_USAGE = YES_ERROR;
				CLANG_WARN_DOCUMENTATION_COMMENTS = YES;
				CLANG_WARN_EMPTY_BODY = YES;
				CLANG_WARN_ENUM_CONVERSION = YES;
				CLANG_WARN_INFINITE_RECURSION = YES;
				CLANG_WARN_INT_CONVERSION = YES;
				CLANG_WARN_NON_LITERAL_NULL_CONVERSION = YES;
				CLANG_WARN_OBJC_IMPLICIT_RETAIN_SELF = YES;
				CLANG_WARN_OBJC_LITERAL_CONVERSION = YES;
				CLANG_WARN_OBJC_ROOT_CLASS = YES_ERROR;
				CLANG_WARN_QUOTED_INCLUDE_IN_FRAMEWORK_HEADER = YES;
				CLANG_WARN_RANGE_LOOP_ANALYSIS = YES;
				CLANG_WARN_STRICT_PROTOTYPES = YES;
				CLANG_WARN_SUSPICIOUS_MOVE = YES;
				CLANG_WARN_UNGUARDED_AVAILABILITY = YES_AGGRESSIVE;
				CLANG_WARN_UNREACHABLE_CODE = YES;
				CLANG_WARN__DUPLICATE_METHOD_MATCH = YES;
				COPY_PHASE_STRIP = NO;
				DEBUG_INFORMATION_FORMAT = "dwarf-with-dsym";
				ENABLE_NS_ASSERTIONS = NO;
				ENABLE_STRICT_OBJC_MSGSEND = YES;
				GCC_C_LANGUAGE_STANDARD = gnu11;
				GCC_NO_COMMON_BLOCKS = YES;
				GCC_WARN_64_TO_32_BIT_CONVERSION = YES;
				GCC_WARN_ABOUT_RETURN_TYPE = YES_ERROR;
				GCC_WARN_UNDECLARED_SELECTOR = YES;
				GCC_WARN_UNINITIALIZED_AUTOS = YES_AGGRESSIVE;
				GCC_WARN_UNUSED_FUNCTION = YES;
				GCC_WARN_UNUSED_VARIABLE = YES;
				IPHONEOS_DEPLOYMENT_TARGET = 12.1;
				MTL_ENABLE_DEBUG_INFO = NO;
				MTL_FAST_MATH = YES;
				SDKROOT = iphoneos;
				SWIFT_COMPILATION_MODE = wholemodule;
				SWIFT_OPTIMIZATION_LEVEL = "-O";
				VALIDATE_PRODUCT = YES;
			};
			name = Release;
		};
		25203C2D25EA5F16000BE950 /* Debug */ = {
			isa = XCBuildConfiguration;
			baseConfigurationReference = 88AC134544A9C010CD0A2BB0 /* Pods-RentBike.debug.xcconfig */;
			buildSettings = {
				ASSETCATALOG_COMPILER_APPICON_NAME = AppIcon;
				ASSETCATALOG_COMPILER_GLOBAL_ACCENT_COLOR_NAME = AccentColor;
				CODE_SIGN_IDENTITY = "Apple Development";
				CODE_SIGN_STYLE = Automatic;
				DEVELOPMENT_TEAM = 44PP3BMTYU;
				INFOPLIST_FILE = "$(SRCROOT)/RentBike/Resource/Info.plist";
				IPHONEOS_DEPLOYMENT_TARGET = 13.0;
				LD_RUNPATH_SEARCH_PATHS = (
					"$(inherited)",
					"@executable_path/Frameworks",
				);
				PRODUCT_BUNDLE_IDENTIFIER = ru.skillbox.rent;
				PRODUCT_NAME = "$(TARGET_NAME)";
				PROVISIONING_PROFILE_SPECIFIER = "";
				SWIFT_VERSION = 5.0;
				TARGETED_DEVICE_FAMILY = 1;
			};
			name = Debug;
		};
		25203C2E25EA5F16000BE950 /* Release */ = {
			isa = XCBuildConfiguration;
			baseConfigurationReference = 2D6A7CF19591FFF7C2E5E086 /* Pods-RentBike.release.xcconfig */;
			buildSettings = {
				ASSETCATALOG_COMPILER_APPICON_NAME = AppIcon;
				ASSETCATALOG_COMPILER_GLOBAL_ACCENT_COLOR_NAME = AccentColor;
				CODE_SIGN_IDENTITY = "Apple Development";
				CODE_SIGN_STYLE = Automatic;
				DEVELOPMENT_TEAM = 44PP3BMTYU;
				INFOPLIST_FILE = "$(SRCROOT)/RentBike/Resource/Info.plist";
				IPHONEOS_DEPLOYMENT_TARGET = 13.0;
				LD_RUNPATH_SEARCH_PATHS = (
					"$(inherited)",
					"@executable_path/Frameworks",
				);
				PRODUCT_BUNDLE_IDENTIFIER = ru.skillbox.rent;
				PRODUCT_NAME = "$(TARGET_NAME)";
				PROVISIONING_PROFILE_SPECIFIER = "";
				SWIFT_VERSION = 5.0;
				TARGETED_DEVICE_FAMILY = 1;
			};
			name = Release;
		};
		25203C3025EA5F16000BE950 /* Debug */ = {
			isa = XCBuildConfiguration;
			buildSettings = {
				ALWAYS_EMBED_SWIFT_STANDARD_LIBRARIES = YES;
				BUNDLE_LOADER = "$(TEST_HOST)";
				CODE_SIGN_STYLE = Automatic;
				DEVELOPMENT_TEAM = 44PP3BMTYU;
				INFOPLIST_FILE = RentBikeTests/Info.plist;
				IPHONEOS_DEPLOYMENT_TARGET = 14.4;
				LD_RUNPATH_SEARCH_PATHS = (
					"$(inherited)",
					"@executable_path/Frameworks",
					"@loader_path/Frameworks",
				);
				PRODUCT_BUNDLE_IDENTIFIER = com.skillbox.RentBikeTests;
				PRODUCT_NAME = "$(TARGET_NAME)";
				SWIFT_VERSION = 5.0;
				TARGETED_DEVICE_FAMILY = "1,2";
				TEST_HOST = "$(BUILT_PRODUCTS_DIR)/RentBike.app/RentBike";
			};
			name = Debug;
		};
		25203C3125EA5F16000BE950 /* Release */ = {
			isa = XCBuildConfiguration;
			buildSettings = {
				ALWAYS_EMBED_SWIFT_STANDARD_LIBRARIES = YES;
				BUNDLE_LOADER = "$(TEST_HOST)";
				CODE_SIGN_STYLE = Automatic;
				DEVELOPMENT_TEAM = 44PP3BMTYU;
				INFOPLIST_FILE = RentBikeTests/Info.plist;
				IPHONEOS_DEPLOYMENT_TARGET = 14.4;
				LD_RUNPATH_SEARCH_PATHS = (
					"$(inherited)",
					"@executable_path/Frameworks",
					"@loader_path/Frameworks",
				);
				PRODUCT_BUNDLE_IDENTIFIER = com.skillbox.RentBikeTests;
				PRODUCT_NAME = "$(TARGET_NAME)";
				SWIFT_VERSION = 5.0;
				TARGETED_DEVICE_FAMILY = "1,2";
				TEST_HOST = "$(BUILT_PRODUCTS_DIR)/RentBike.app/RentBike";
			};
			name = Release;
		};
		25203C3325EA5F16000BE950 /* Debug */ = {
			isa = XCBuildConfiguration;
			buildSettings = {
				ALWAYS_EMBED_SWIFT_STANDARD_LIBRARIES = YES;
				CODE_SIGN_STYLE = Automatic;
				DEVELOPMENT_TEAM = 44PP3BMTYU;
				INFOPLIST_FILE = RentBikeUITests/Info.plist;
				LD_RUNPATH_SEARCH_PATHS = (
					"$(inherited)",
					"@executable_path/Frameworks",
					"@loader_path/Frameworks",
				);
				PRODUCT_BUNDLE_IDENTIFIER = com.skillbox.RentBikeUITests;
				PRODUCT_NAME = "$(TARGET_NAME)";
				SWIFT_VERSION = 5.0;
				TARGETED_DEVICE_FAMILY = "1,2";
				TEST_TARGET_NAME = RentBike;
			};
			name = Debug;
		};
		25203C3425EA5F16000BE950 /* Release */ = {
			isa = XCBuildConfiguration;
			buildSettings = {
				ALWAYS_EMBED_SWIFT_STANDARD_LIBRARIES = YES;
				CODE_SIGN_STYLE = Automatic;
				DEVELOPMENT_TEAM = 44PP3BMTYU;
				INFOPLIST_FILE = RentBikeUITests/Info.plist;
				LD_RUNPATH_SEARCH_PATHS = (
					"$(inherited)",
					"@executable_path/Frameworks",
					"@loader_path/Frameworks",
				);
				PRODUCT_BUNDLE_IDENTIFIER = com.skillbox.RentBikeUITests;
				PRODUCT_NAME = "$(TARGET_NAME)";
				SWIFT_VERSION = 5.0;
				TARGETED_DEVICE_FAMILY = "1,2";
				TEST_TARGET_NAME = RentBike;
			};
			name = Release;
		};
/* End XCBuildConfiguration section */

/* Begin XCConfigurationList section */
		25203BFD25EA5F14000BE950 /* Build configuration list for PBXProject "RentBike" */ = {
			isa = XCConfigurationList;
			buildConfigurations = (
				25203C2A25EA5F16000BE950 /* Debug */,
				25203C2B25EA5F16000BE950 /* Release */,
			);
			defaultConfigurationIsVisible = 0;
			defaultConfigurationName = Release;
		};
		25203C2C25EA5F16000BE950 /* Build configuration list for PBXNativeTarget "RentBike" */ = {
			isa = XCConfigurationList;
			buildConfigurations = (
				25203C2D25EA5F16000BE950 /* Debug */,
				25203C2E25EA5F16000BE950 /* Release */,
			);
			defaultConfigurationIsVisible = 0;
			defaultConfigurationName = Release;
		};
		25203C2F25EA5F16000BE950 /* Build configuration list for PBXNativeTarget "RentBikeTests" */ = {
			isa = XCConfigurationList;
			buildConfigurations = (
				25203C3025EA5F16000BE950 /* Debug */,
				25203C3125EA5F16000BE950 /* Release */,
			);
			defaultConfigurationIsVisible = 0;
			defaultConfigurationName = Release;
		};
		25203C3225EA5F16000BE950 /* Build configuration list for PBXNativeTarget "RentBikeUITests" */ = {
			isa = XCConfigurationList;
			buildConfigurations = (
				25203C3325EA5F16000BE950 /* Debug */,
				25203C3425EA5F16000BE950 /* Release */,
			);
			defaultConfigurationIsVisible = 0;
			defaultConfigurationName = Release;
		};
/* End XCConfigurationList section */
	};
	rootObject = 25203BFA25EA5F14000BE950 /* Project object */;
}
